
Microsoft Visual Studio Solution File, Format Version 12.00
# Visual Studio Version 16
VisualStudioVersion = 16.0.30717.126
MinimumVisualStudioVersion = 10.0.40219.1
Project("{FAE04EC0-301F-11D3-BF4B-00C04F79EFBC}") = "Spaccamiglio.Luca.4H.XamAzure.UWP", "Spaccamiglio.Luca.4H.XamAzure\Spaccamiglio.Luca.4H.XamAzure.UWP\Spaccamiglio.Luca.4H.XamAzure.UWP.csproj", "{69A5A85E-EAB1-4A59-AA60-9E5DC173BFEE}"
EndProject
Project("{FAE04EC0-301F-11D3-BF4B-00C04F79EFBC}") = "Spaccamiglio.Luca.4H.XamAzure", "Spaccamiglio.Luca.4H.XamAzure\Spaccamiglio.Luca.4H.XamAzure\Spaccamiglio.Luca.4H.XamAzure.csproj", "{ABF91520-6ADB-43EC-9E55-E658FCFC8B95}"
EndProject
Global
	GlobalSection(SolutionConfigurationPlatforms) = preSolution
		Debug|Any CPU = Debug|Any CPU
		Debug|ARM = Debug|ARM
		Debug|x64 = Debug|x64
		Debug|x86 = Debug|x86
		Release|Any CPU = Release|Any CPU
		Release|ARM = Release|ARM
		Release|x64 = Release|x64
		Release|x86 = Release|x86
	EndGlobalSection
	GlobalSection(ProjectConfigurationPlatforms) = postSolution
		{69A5A85E-EAB1-4A59-AA60-9E5DC173BFEE}.Debug|Any CPU.ActiveCfg = Debug|x86
		{69A5A85E-EAB1-4A59-AA60-9E5DC173BFEE}.Debug|Any CPU.Build.0 = Debug|x86
		{69A5A85E-EAB1-4A59-AA60-9E5DC173BFEE}.Debug|Any CPU.Deploy.0 = Debug|x86
		{69A5A85E-EAB1-4A59-AA60-9E5DC173BFEE}.Debug|ARM.ActiveCfg = Debug|ARM
		{69A5A85E-EAB1-4A59-AA60-9E5DC173BFEE}.Debug|ARM.Build.0 = Debug|ARM
		{69A5A85E-EAB1-4A59-AA60-9E5DC173BFEE}.Debug|ARM.Deploy.0 = Debug|ARM
		{69A5A85E-EAB1-4A59-AA60-9E5DC173BFEE}.Debug|x64.ActiveCfg = Debug|x64
		{69A5A85E-EAB1-4A59-AA60-9E5DC173BFEE}.Debug|x64.Build.0 = Debug|x64
		{69A5A85E-EAB1-4A59-AA60-9E5DC173BFEE}.Debug|x64.Deploy.0 = Debug|x64
		{69A5A85E-EAB1-4A59-AA60-9E5DC173BFEE}.Debug|x86.ActiveCfg = Debug|x86
		{69A5A85E-EAB1-4A59-AA60-9E5DC173BFEE}.Debug|x86.Build.0 = Debug|x86
		{69A5A85E-EAB1-4A59-AA60-9E5DC173BFEE}.Debug|x86.Deploy.0 = Debug|x86
		{69A5A85E-EAB1-4A59-AA60-9E5DC173BFEE}.Release|Any CPU.ActiveCfg = Release|x86
		{69A5A85E-EAB1-4A59-AA60-9E5DC173BFEE}.Release|Any CPU.Build.0 = Release|x86
		{69A5A85E-EAB1-4A59-AA60-9E5DC173BFEE}.Release|Any CPU.Deploy.0 = Release|x86
		{69A5A85E-EAB1-4A59-AA60-9E5DC173BFEE}.Release|ARM.ActiveCfg = Release|ARM
		{69A5A85E-EAB1-4A59-AA60-9E5DC173BFEE}.Release|ARM.Build.0 = Release|ARM
		{69A5A85E-EAB1-4A59-AA60-9E5DC173BFEE}.Release|ARM.Deploy.0 = Release|ARM
		{69A5A85E-EAB1-4A59-AA60-9E5DC173BFEE}.Release|x64.ActiveCfg = Release|x64
		{69A5A85E-EAB1-4A59-AA60-9E5DC173BFEE}.Release|x64.Build.0 = Release|x64
		{69A5A85E-EAB1-4A59-AA60-9E5DC173BFEE}.Release|x64.Deploy.0 = Release|x64
		{69A5A85E-EAB1-4A59-AA60-9E5DC173BFEE}.Release|x86.ActiveCfg = Release|x86
		{69A5A85E-EAB1-4A59-AA60-9E5DC173BFEE}.Release|x86.Build.0 = Release|x86
		{69A5A85E-EAB1-4A59-AA60-9E5DC173BFEE}.Release|x86.Deploy.0 = Release|x86
		{ABF91520-6ADB-43EC-9E55-E658FCFC8B95}.Debug|Any CPU.ActiveCfg = Debug|Any CPU
		{ABF91520-6ADB-43EC-9E55-E658FCFC8B95}.Debug|Any CPU.Build.0 = Debug|Any CPU
		{ABF91520-6ADB-43EC-9E55-E658FCFC8B95}.Debug|Any CPU.Deploy.0 = Debug|Any CPU
		{ABF91520-6ADB-43EC-9E55-E658FCFC8B95}.Debug|ARM.ActiveCfg = Debug|Any CPU
		{ABF91520-6ADB-43EC-9E55-E658FCFC8B95}.Debug|ARM.Build.0 = Debug|Any CPU
		{ABF91520-6ADB-43EC-9E55-E658FCFC8B95}.Debug|ARM.Deploy.0 = Debug|Any CPU
		{ABF91520-6ADB-43EC-9E55-E658FCFC8B95}.Debug|x64.ActiveCfg = Debug|Any CPU
		{ABF91520-6ADB-43EC-9E55-E658FCFC8B95}.Debug|x64.Build.0 = Debug|Any CPU
		{ABF91520-6ADB-43EC-9E55-E658FCFC8B95}.Debug|x64.Deploy.0 = Debug|Any CPU
		{ABF91520-6ADB-43EC-9E55-E658FCFC8B95}.Debug|x86.ActiveCfg = Debug|Any CPU
		{ABF91520-6ADB-43EC-9E55-E658FCFC8B95}.Debug|x86.Build.0 = Debug|Any CPU
		{ABF91520-6ADB-43EC-9E55-E658FCFC8B95}.Debug|x86.Deploy.0 = Debug|Any CPU
		{ABF91520-6ADB-43EC-9E55-E658FCFC8B95}.Release|Any CPU.ActiveCfg = Release|Any CPU
		{ABF91520-6ADB-43EC-9E55-E658FCFC8B95}.Release|Any CPU.Build.0 = Release|Any CPU
		{ABF91520-6ADB-43EC-9E55-E658FCFC8B95}.Release|Any CPU.Deploy.0 = Release|Any CPU
		{ABF91520-6ADB-43EC-9E55-E658FCFC8B95}.Release|ARM.ActiveCfg = Release|Any CPU
		{ABF91520-6ADB-43EC-9E55-E658FCFC8B95}.Release|ARM.Build.0 = Release|Any CPU
		{ABF91520-6ADB-43EC-9E55-E658FCFC8B95}.Release|ARM.Deploy.0 = Release|Any CPU
		{ABF91520-6ADB-43EC-9E55-E658FCFC8B95}.Release|x64.ActiveCfg = Release|Any CPU
		{ABF91520-6ADB-43EC-9E55-E658FCFC8B95}.Release|x64.Build.0 = Release|Any CPU
		{ABF91520-6ADB-43EC-9E55-E658FCFC8B95}.Release|x64.Deploy.0 = Release|Any CPU
		{ABF91520-6ADB-43EC-9E55-E658FCFC8B95}.Release|x86.ActiveCfg = Release|Any CPU
		{ABF91520-6ADB-43EC-9E55-E658FCFC8B95}.Release|x86.Build.0 = Release|Any CPU
		{ABF91520-6ADB-43EC-9E55-E658FCFC8B95}.Release|x86.Deploy.0 = Release|Any CPU
	EndGlobalSection
	GlobalSection(SolutionProperties) = preSolution
		HideSolutionNode = FALSE
	EndGlobalSection
	GlobalSection(ExtensibilityGlobals) = postSolution
		SolutionGuid = {88E6B5A1-C318-432F-B85F-97FA6E723E24}
	EndGlobalSection
EndGlobal
